
Microsoft Visual Studio Solution File, Format Version 12.00
# Visual Studio Version 17
VisualStudioVersion = 17.4.33213.308
MinimumVisualStudioVersion = 10.0.40219.1
Project("{FAE04EC0-301F-11D3-BF4B-00C04F79EFBC}") = "task1", "task1\task1.csproj", "{F3C3837C-DC19-41CF-B947-836B3CD7B588}"
EndProject
Global
	GlobalSection(SolutionConfigurationPlatforms) = preSolution
		Debug|Any CPU = Debug|Any CPU
		Release|Any CPU = Release|Any CPU
	EndGlobalSection
	GlobalSection(ProjectConfigurationPlatforms) = postSolution
		{F3C3837C-DC19-41CF-B947-836B3CD7B588}.Debug|Any CPU.ActiveCfg = Debug|Any CPU
		{F3C3837C-DC19-41CF-B947-836B3CD7B588}.Debug|Any CPU.Build.0 = Debug|Any CPU
		{F3C3837C-DC19-41CF-B947-836B3CD7B588}.Release|Any CPU.ActiveCfg = Release|Any CPU
		{F3C3837C-DC19-41CF-B947-836B3CD7B588}.Release|Any CPU.Build.0 = Release|Any CPU
	EndGlobalSection
	GlobalSection(SolutionProperties) = preSolution
		HideSolutionNode = FALSE
	EndGlobalSection
	GlobalSection(ExtensibilityGlobals) = postSolution
		SolutionGuid = {6FEFBE01-399F-4ABC-8B82-5B4B248A6FFE}
	EndGlobalSection
EndGlobal
